// !$*UTF8*$!
{
	archiveVersion = 1;
	classes = {
	};
	objectVersion = 51;
	objects = {

/* Begin PBXBuildFile section */
		AB5C4609AB225D978BDB624C /* Pods_MobilionHavaDurumu.framework in Frameworks */ = {isa = PBXBuildFile; fileRef = 554BD74F8CA116277BB6A43E /* Pods_MobilionHavaDurumu.framework */; };
		C391F51C251536DD00F066CA /* AppDelegate.swift in Sources */ = {isa = PBXBuildFile; fileRef = C391F51B251536DD00F066CA /* AppDelegate.swift */; };
		C391F51E251536DD00F066CA /* SceneDelegate.swift in Sources */ = {isa = PBXBuildFile; fileRef = C391F51D251536DD00F066CA /* SceneDelegate.swift */; };
		C391F523251536DD00F066CA /* Main.storyboard in Resources */ = {isa = PBXBuildFile; fileRef = C391F521251536DD00F066CA /* Main.storyboard */; };
		C391F525251536DE00F066CA /* Assets.xcassets in Resources */ = {isa = PBXBuildFile; fileRef = C391F524251536DE00F066CA /* Assets.xcassets */; };
		C391F528251536DE00F066CA /* LaunchScreen.storyboard in Resources */ = {isa = PBXBuildFile; fileRef = C391F526251536DE00F066CA /* LaunchScreen.storyboard */; };
		C391F568251539E600F066CA /* CitiesCell.swift in Sources */ = {isa = PBXBuildFile; fileRef = C391F567251539E600F066CA /* CitiesCell.swift */; };
		C391F56A25153A0400F066CA /* AddCityCell.swift in Sources */ = {isa = PBXBuildFile; fileRef = C391F56925153A0400F066CA /* AddCityCell.swift */; };
		C391F56C25153A2400F066CA /* CitiesVC.swift in Sources */ = {isa = PBXBuildFile; fileRef = C391F56B25153A2400F066CA /* CitiesVC.swift */; };
		C391F56E25153A5300F066CA /* AddCityVC.swift in Sources */ = {isa = PBXBuildFile; fileRef = C391F56D25153A5300F066CA /* AddCityVC.swift */; };
		C391F57225153A9100F066CA /* WeeklyWeatherCell.swift in Sources */ = {isa = PBXBuildFile; fileRef = C391F57125153A9100F066CA /* WeeklyWeatherCell.swift */; };
		C391F57425153AA200F066CA /* DayTimeCell.swift in Sources */ = {isa = PBXBuildFile; fileRef = C391F57325153AA200F066CA /* DayTimeCell.swift */; };
		C391F57625153AB400F066CA /* SelectedCityCell.swift in Sources */ = {isa = PBXBuildFile; fileRef = C391F57525153AB400F066CA /* SelectedCityCell.swift */; };
		C391F57825153AC700F066CA /* HomePageVC.swift in Sources */ = {isa = PBXBuildFile; fileRef = C391F57725153AC700F066CA /* HomePageVC.swift */; };
		C391F57C25153AFE00F066CA /* SelectedCityDetailModel.swift in Sources */ = {isa = PBXBuildFile; fileRef = C391F57B25153AFE00F066CA /* SelectedCityDetailModel.swift */; };
		C391F57E25153B1500F066CA /* CityModel.swift in Sources */ = {isa = PBXBuildFile; fileRef = C391F57D25153B1500F066CA /* CityModel.swift */; };
		C391F58125153B3B00F066CA /* GeneralModel.swift in Sources */ = {isa = PBXBuildFile; fileRef = C391F58025153B3B00F066CA /* GeneralModel.swift */; };
		C391F58325153B4900F066CA /* GeneralCityModel.swift in Sources */ = {isa = PBXBuildFile; fileRef = C391F58225153B4900F066CA /* GeneralCityModel.swift */; };
		C391F58525153B5A00F066CA /* WeatherDetailMainModel.swift in Sources */ = {isa = PBXBuildFile; fileRef = C391F58425153B5A00F066CA /* WeatherDetailMainModel.swift */; };
		C391F58725153B6700F066CA /* WeatherModel.swift in Sources */ = {isa = PBXBuildFile; fileRef = C391F58625153B6700F066CA /* WeatherModel.swift */; };
		C391F58925153B7400F066CA /* WeatherDetailWeatherModel.swift in Sources */ = {isa = PBXBuildFile; fileRef = C391F58825153B7400F066CA /* WeatherDetailWeatherModel.swift */; };
		C391F58B25153B8200F066CA /* WeatherDetailCloudsModel.swift in Sources */ = {isa = PBXBuildFile; fileRef = C391F58A25153B8200F066CA /* WeatherDetailCloudsModel.swift */; };
		C391F58D25153B8E00F066CA /* WeatherDetailWindModel.swift in Sources */ = {isa = PBXBuildFile; fileRef = C391F58C25153B8E00F066CA /* WeatherDetailWindModel.swift */; };
		C391F59025153BAE00F066CA /* RestController.swift in Sources */ = {isa = PBXBuildFile; fileRef = C391F58F25153BAE00F066CA /* RestController.swift */; };
		C391F59225153BCC00F066CA /* RestControllerResult.swift in Sources */ = {isa = PBXBuildFile; fileRef = C391F59125153BCC00F066CA /* RestControllerResult.swift */; };
		C391F59425153BF300F066CA /* SessionParameters.swift in Sources */ = {isa = PBXBuildFile; fileRef = C391F59325153BF300F066CA /* SessionParameters.swift */; };
		C391F59625153C1600F066CA /* Constants.swift in Sources */ = {isa = PBXBuildFile; fileRef = C391F59525153C1600F066CA /* Constants.swift */; };
		C391F59825153C3000F066CA /* CustomIndicator.swift in Sources */ = {isa = PBXBuildFile; fileRef = C391F59725153C3000F066CA /* CustomIndicator.swift */; };
/* End PBXBuildFile section */

/* Begin PBXFileReference section */
		1F902A2AD21925D1EF3AD83C /* Pods-MobilionHavaDurumu.debug.xcconfig */ = {isa = PBXFileReference; includeInIndex = 1; lastKnownFileType = text.xcconfig; name = "Pods-MobilionHavaDurumu.debug.xcconfig"; path = "Target Support Files/Pods-MobilionHavaDurumu/Pods-MobilionHavaDurumu.debug.xcconfig"; sourceTree = "<group>"; };
		554BD74F8CA116277BB6A43E /* Pods_MobilionHavaDurumu.framework */ = {isa = PBXFileReference; explicitFileType = wrapper.framework; includeInIndex = 0; path = Pods_MobilionHavaDurumu.framework; sourceTree = BUILT_PRODUCTS_DIR; };
		667118284C2A9B87D551A76E /* Pods-MobilionHavaDurumu.release.xcconfig */ = {isa = PBXFileReference; includeInIndex = 1; lastKnownFileType = text.xcconfig; name = "Pods-MobilionHavaDurumu.release.xcconfig"; path = "Target Support Files/Pods-MobilionHavaDurumu/Pods-MobilionHavaDurumu.release.xcconfig"; sourceTree = "<group>"; };
		C391F518251536DD00F066CA /* MobilionHavaDurumu.app */ = {isa = PBXFileReference; explicitFileType = wrapper.application; includeInIndex = 0; path = MobilionHavaDurumu.app; sourceTree = BUILT_PRODUCTS_DIR; };
		C391F51B251536DD00F066CA /* AppDelegate.swift */ = {isa = PBXFileReference; lastKnownFileType = sourcecode.swift; path = AppDelegate.swift; sourceTree = "<group>"; };
		C391F51D251536DD00F066CA /* SceneDelegate.swift */ = {isa = PBXFileReference; lastKnownFileType = sourcecode.swift; path = SceneDelegate.swift; sourceTree = "<group>"; };
		C391F522251536DD00F066CA /* Base */ = {isa = PBXFileReference; lastKnownFileType = file.storyboard; name = Base; path = Base.lproj/Main.storyboard; sourceTree = "<group>"; };
		C391F524251536DE00F066CA /* Assets.xcassets */ = {isa = PBXFileReference; lastKnownFileType = folder.assetcatalog; path = Assets.xcassets; sourceTree = "<group>"; };
		C391F527251536DE00F066CA /* Base */ = {isa = PBXFileReference; lastKnownFileType = file.storyboard; name = Base; path = Base.lproj/LaunchScreen.storyboard; sourceTree = "<group>"; };
		C391F529251536DE00F066CA /* Info.plist */ = {isa = PBXFileReference; lastKnownFileType = text.plist.xml; path = Info.plist; sourceTree = "<group>"; };
		C391F567251539E600F066CA /* CitiesCell.swift */ = {isa = PBXFileReference; lastKnownFileType = sourcecode.swift; path = CitiesCell.swift; sourceTree = "<group>"; };
		C391F56925153A0400F066CA /* AddCityCell.swift */ = {isa = PBXFileReference; lastKnownFileType = sourcecode.swift; path = AddCityCell.swift; sourceTree = "<group>"; };
		C391F56B25153A2400F066CA /* CitiesVC.swift */ = {isa = PBXFileReference; lastKnownFileType = sourcecode.swift; path = CitiesVC.swift; sourceTree = "<group>"; };
		C391F56D25153A5300F066CA /* AddCityVC.swift */ = {isa = PBXFileReference; lastKnownFileType = sourcecode.swift; path = AddCityVC.swift; sourceTree = "<group>"; };
		C391F57125153A9100F066CA /* WeeklyWeatherCell.swift */ = {isa = PBXFileReference; lastKnownFileType = sourcecode.swift; path = WeeklyWeatherCell.swift; sourceTree = "<group>"; };
		C391F57325153AA200F066CA /* DayTimeCell.swift */ = {isa = PBXFileReference; lastKnownFileType = sourcecode.swift; path = DayTimeCell.swift; sourceTree = "<group>"; };
		C391F57525153AB400F066CA /* SelectedCityCell.swift */ = {isa = PBXFileReference; lastKnownFileType = sourcecode.swift; path = SelectedCityCell.swift; sourceTree = "<group>"; };
		C391F57725153AC700F066CA /* HomePageVC.swift */ = {isa = PBXFileReference; lastKnownFileType = sourcecode.swift; path = HomePageVC.swift; sourceTree = "<group>"; };
		C391F57B25153AFE00F066CA /* SelectedCityDetailModel.swift */ = {isa = PBXFileReference; lastKnownFileType = sourcecode.swift; path = SelectedCityDetailModel.swift; sourceTree = "<group>"; };
		C391F57D25153B1500F066CA /* CityModel.swift */ = {isa = PBXFileReference; lastKnownFileType = sourcecode.swift; path = CityModel.swift; sourceTree = "<group>"; };
		C391F58025153B3B00F066CA /* GeneralModel.swift */ = {isa = PBXFileReference; lastKnownFileType = sourcecode.swift; path = GeneralModel.swift; sourceTree = "<group>"; };
		C391F58225153B4900F066CA /* GeneralCityModel.swift */ = {isa = PBXFileReference; lastKnownFileType = sourcecode.swift; path = GeneralCityModel.swift; sourceTree = "<group>"; };
		C391F58425153B5A00F066CA /* WeatherDetailMainModel.swift */ = {isa = PBXFileReference; lastKnownFileType = sourcecode.swift; path = WeatherDetailMainModel.swift; sourceTree = "<group>"; };
		C391F58625153B6700F066CA /* WeatherModel.swift */ = {isa = PBXFileReference; lastKnownFileType = sourcecode.swift; path = WeatherModel.swift; sourceTree = "<group>"; };
		C391F58825153B7400F066CA /* WeatherDetailWeatherModel.swift */ = {isa = PBXFileReference; lastKnownFileType = sourcecode.swift; path = WeatherDetailWeatherModel.swift; sourceTree = "<group>"; };
		C391F58A25153B8200F066CA /* WeatherDetailCloudsModel.swift */ = {isa = PBXFileReference; lastKnownFileType = sourcecode.swift; path = WeatherDetailCloudsModel.swift; sourceTree = "<group>"; };
		C391F58C25153B8E00F066CA /* WeatherDetailWindModel.swift */ = {isa = PBXFileReference; lastKnownFileType = sourcecode.swift; path = WeatherDetailWindModel.swift; sourceTree = "<group>"; };
		C391F58F25153BAE00F066CA /* RestController.swift */ = {isa = PBXFileReference; lastKnownFileType = sourcecode.swift; path = RestController.swift; sourceTree = "<group>"; };
		C391F59125153BCC00F066CA /* RestControllerResult.swift */ = {isa = PBXFileReference; lastKnownFileType = sourcecode.swift; path = RestControllerResult.swift; sourceTree = "<group>"; };
		C391F59325153BF300F066CA /* SessionParameters.swift */ = {isa = PBXFileReference; lastKnownFileType = sourcecode.swift; path = SessionParameters.swift; sourceTree = "<group>"; };
		C391F59525153C1600F066CA /* Constants.swift */ = {isa = PBXFileReference; lastKnownFileType = sourcecode.swift; path = Constants.swift; sourceTree = "<group>"; };
		C391F59725153C3000F066CA /* CustomIndicator.swift */ = {isa = PBXFileReference; lastKnownFileType = sourcecode.swift; path = CustomIndicator.swift; sourceTree = "<group>"; };
/* End PBXFileReference section */

/* Begin PBXFrameworksBuildPhase section */
		C391F515251536DD00F066CA /* Frameworks */ = {
			isa = PBXFrameworksBuildPhase;
			buildActionMask = 2147483647;
			files = (
				AB5C4609AB225D978BDB624C /* Pods_MobilionHavaDurumu.framework in Frameworks */,
			);
			runOnlyForDeploymentPostprocessing = 0;
		};
/* End PBXFrameworksBuildPhase section */

/* Begin PBXGroup section */
		1EFDB82AEF3D38FC6E8559FA /* Pods */ = {
			isa = PBXGroup;
			children = (
				1F902A2AD21925D1EF3AD83C /* Pods-MobilionHavaDurumu.debug.xcconfig */,
				667118284C2A9B87D551A76E /* Pods-MobilionHavaDurumu.release.xcconfig */,
			);
			path = Pods;
			sourceTree = "<group>";
		};
		6956B6F3CDF3F397EB994928 /* Frameworks */ = {
			isa = PBXGroup;
			children = (
				554BD74F8CA116277BB6A43E /* Pods_MobilionHavaDurumu.framework */,
			);
			name = Frameworks;
			sourceTree = "<group>";
		};
		C391F50F251536DD00F066CA = {
			isa = PBXGroup;
			children = (
				C391F51A251536DD00F066CA /* MobilionHavaDurumu */,
				C391F519251536DD00F066CA /* Products */,
				1EFDB82AEF3D38FC6E8559FA /* Pods */,
				6956B6F3CDF3F397EB994928 /* Frameworks */,
			);
			sourceTree = "<group>";
		};
		C391F519251536DD00F066CA /* Products */ = {
			isa = PBXGroup;
			children = (
				C391F518251536DD00F066CA /* MobilionHavaDurumu.app */,
			);
			name = Products;
			sourceTree = "<group>";
		};
		C391F51A251536DD00F066CA /* MobilionHavaDurumu */ = {
			isa = PBXGroup;
			children = (
				C391F58E25153B9F00F066CA /* Helpers */,
				C391F57925153ADE00F066CA /* Model */,
				C391F56F25153A6F00F066CA /* HomePage */,
				C391F565251539A200F066CA /* Cities */,
				C391F51B251536DD00F066CA /* AppDelegate.swift */,
				C391F51D251536DD00F066CA /* SceneDelegate.swift */,
				C391F521251536DD00F066CA /* Main.storyboard */,
				C391F524251536DE00F066CA /* Assets.xcassets */,
				C391F526251536DE00F066CA /* LaunchScreen.storyboard */,
				C391F529251536DE00F066CA /* Info.plist */,
			);
			path = MobilionHavaDurumu;
			sourceTree = "<group>";
		};
		C391F565251539A200F066CA /* Cities */ = {
			isa = PBXGroup;
			children = (
				C391F566251539D100F066CA /* Cell */,
				C391F56B25153A2400F066CA /* CitiesVC.swift */,
				C391F56D25153A5300F066CA /* AddCityVC.swift */,
			);
			path = Cities;
			sourceTree = "<group>";
		};
		C391F566251539D100F066CA /* Cell */ = {
			isa = PBXGroup;
			children = (
				C391F567251539E600F066CA /* CitiesCell.swift */,
				C391F56925153A0400F066CA /* AddCityCell.swift */,
			);
			path = Cell;
			sourceTree = "<group>";
		};
		C391F56F25153A6F00F066CA /* HomePage */ = {
			isa = PBXGroup;
			children = (
				C391F57025153A7700F066CA /* Cell */,
				C391F57725153AC700F066CA /* HomePageVC.swift */,
			);
			path = HomePage;
			sourceTree = "<group>";
		};
		C391F57025153A7700F066CA /* Cell */ = {
			isa = PBXGroup;
			children = (
				C391F57125153A9100F066CA /* WeeklyWeatherCell.swift */,
				C391F57325153AA200F066CA /* DayTimeCell.swift */,
				C391F57525153AB400F066CA /* SelectedCityCell.swift */,
			);
			path = Cell;
			sourceTree = "<group>";
		};
		C391F57925153ADE00F066CA /* Model */ = {
			isa = PBXGroup;
			children = (
				C391F57F25153B2E00F066CA /* WeatherModel */,
				C391F57A25153AEA00F066CA /* CityModel */,
			);
			path = Model;
			sourceTree = "<group>";
		};
		C391F57A25153AEA00F066CA /* CityModel */ = {
			isa = PBXGroup;
			children = (
				C391F57B25153AFE00F066CA /* SelectedCityDetailModel.swift */,
				C391F57D25153B1500F066CA /* CityModel.swift */,
			);
			path = CityModel;
			sourceTree = "<group>";
		};
		C391F57F25153B2E00F066CA /* WeatherModel */ = {
			isa = PBXGroup;
			children = (
				C391F58025153B3B00F066CA /* GeneralModel.swift */,
				C391F58225153B4900F066CA /* GeneralCityModel.swift */,
				C391F58425153B5A00F066CA /* WeatherDetailMainModel.swift */,
				C391F58625153B6700F066CA /* WeatherModel.swift */,
				C391F58825153B7400F066CA /* WeatherDetailWeatherModel.swift */,
				C391F58A25153B8200F066CA /* WeatherDetailCloudsModel.swift */,
				C391F58C25153B8E00F066CA /* WeatherDetailWindModel.swift */,
			);
			path = WeatherModel;
			sourceTree = "<group>";
		};
		C391F58E25153B9F00F066CA /* Helpers */ = {
			isa = PBXGroup;
			children = (
				C391F58F25153BAE00F066CA /* RestController.swift */,
				C391F59125153BCC00F066CA /* RestControllerResult.swift */,
				C391F59325153BF300F066CA /* SessionParameters.swift */,
				C391F59525153C1600F066CA /* Constants.swift */,
				C391F59725153C3000F066CA /* CustomIndicator.swift */,
			);
			path = Helpers;
			sourceTree = "<group>";
		};
/* End PBXGroup section */

/* Begin PBXNativeTarget section */
		C391F517251536DD00F066CA /* MobilionHavaDurumu */ = {
			isa = PBXNativeTarget;
			buildConfigurationList = C391F52C251536DE00F066CA /* Build configuration list for PBXNativeTarget "MobilionHavaDurumu" */;
			buildPhases = (
				5DD31FFBB9347C70ADE50FB8 /* [CP] Check Pods Manifest.lock */,
				C391F514251536DD00F066CA /* Sources */,
				C391F515251536DD00F066CA /* Frameworks */,
				C391F516251536DD00F066CA /* Resources */,
				4E0769388CF80B6389D03D4D /* [CP] Embed Pods Frameworks */,
			);
			buildRules = (
			);
			dependencies = (
			);
			name = MobilionHavaDurumu;
			productName = MobilionHavaDurumu;
			productReference = C391F518251536DD00F066CA /* MobilionHavaDurumu.app */;
			productType = "com.apple.product-type.application";
		};
/* End PBXNativeTarget section */

/* Begin PBXProject section */
		C391F510251536DD00F066CA /* Project object */ = {
			isa = PBXProject;
			attributes = {
				LastSwiftUpdateCheck = 1130;
				LastUpgradeCheck = 1130;
				ORGANIZATIONNAME = administrator;
				TargetAttributes = {
					C391F517251536DD00F066CA = {
						CreatedOnToolsVersion = 11.3.1;
					};
				};
			};
			buildConfigurationList = C391F513251536DD00F066CA /* Build configuration list for PBXProject "MobilionHavaDurumu" */;
			compatibilityVersion = "Xcode 9.3";
			developmentRegion = en;
			hasScannedForEncodings = 0;
			knownRegions = (
				en,
				Base,
			);
			mainGroup = C391F50F251536DD00F066CA;
			productRefGroup = C391F519251536DD00F066CA /* Products */;
			projectDirPath = "";
			projectRoot = "";
			targets = (
				C391F517251536DD00F066CA /* MobilionHavaDurumu */,
			);
		};
/* End PBXProject section */

/* Begin PBXResourcesBuildPhase section */
		C391F516251536DD00F066CA /* Resources */ = {
			isa = PBXResourcesBuildPhase;
			buildActionMask = 2147483647;
			files = (
				C391F528251536DE00F066CA /* LaunchScreen.storyboard in Resources */,
				C391F525251536DE00F066CA /* Assets.xcassets in Resources */,
				C391F523251536DD00F066CA /* Main.storyboard in Resources */,
			);
			runOnlyForDeploymentPostprocessing = 0;
		};
/* End PBXResourcesBuildPhase section */

/* Begin PBXShellScriptBuildPhase section */
		4E0769388CF80B6389D03D4D /* [CP] Embed Pods Frameworks */ = {
			isa = PBXShellScriptBuildPhase;
			buildActionMask = 2147483647;
			files = (
			);
			inputFileListPaths = (
				"${PODS_ROOT}/Target Support Files/Pods-MobilionHavaDurumu/Pods-MobilionHavaDurumu-frameworks-${CONFIGURATION}-input-files.xcfilelist",
			);
			name = "[CP] Embed Pods Frameworks";
			outputFileListPaths = (
				"${PODS_ROOT}/Target Support Files/Pods-MobilionHavaDurumu/Pods-MobilionHavaDurumu-frameworks-${CONFIGURATION}-output-files.xcfilelist",
			);
			runOnlyForDeploymentPostprocessing = 0;
			shellPath = /bin/sh;
			shellScript = "\"${PODS_ROOT}/Target Support Files/Pods-MobilionHavaDurumu/Pods-MobilionHavaDurumu-frameworks.sh\"\n";
			showEnvVarsInLog = 0;
		};
		5DD31FFBB9347C70ADE50FB8 /* [CP] Check Pods Manifest.lock */ = {
			isa = PBXShellScriptBuildPhase;
			buildActionMask = 2147483647;
			files = (
			);
			inputFileListPaths = (
			);
			inputPaths = (
				"${PODS_PODFILE_DIR_PATH}/Podfile.lock",
				"${PODS_ROOT}/Manifest.lock",
			);
			name = "[CP] Check Pods Manifest.lock";
			outputFileListPaths = (
			);
			outputPaths = (
				"$(DERIVED_FILE_DIR)/Pods-MobilionHavaDurumu-checkManifestLockResult.txt",
			);
			runOnlyForDeploymentPostprocessing = 0;
			shellPath = /bin/sh;
			shellScript = "diff \"${PODS_PODFILE_DIR_PATH}/Podfile.lock\" \"${PODS_ROOT}/Manifest.lock\" > /dev/null\nif [ $? != 0 ] ; then\n    # print error to STDERR\n    echo \"error: The sandbox is not in sync with the Podfile.lock. Run 'pod install' or update your CocoaPods installation.\" >&2\n    exit 1\nfi\n# This output is used by Xcode 'outputs' to avoid re-running this script phase.\necho \"SUCCESS\" > \"${SCRIPT_OUTPUT_FILE_0}\"\n";
			showEnvVarsInLog = 0;
		};
/* End PBXShellScriptBuildPhase section */

/* Begin PBXSourcesBuildPhase section */
		C391F514251536DD00F066CA /* Sources */ = {
			isa = PBXSourcesBuildPhase;
			buildActionMask = 2147483647;
			files = (
				C391F57825153AC700F066CA /* HomePageVC.swift in Sources */,
				C391F51C251536DD00F066CA /* AppDelegate.swift in Sources */,
				C391F57425153AA200F066CA /* DayTimeCell.swift in Sources */,
				C391F57625153AB400F066CA /* SelectedCityCell.swift in Sources */,
				C391F58D25153B8E00F066CA /* WeatherDetailWindModel.swift in Sources */,
				C391F59225153BCC00F066CA /* RestControllerResult.swift in Sources */,
				C391F59625153C1600F066CA /* Constants.swift in Sources */,
				C391F51E251536DD00F066CA /* SceneDelegate.swift in Sources */,
				C391F59825153C3000F066CA /* CustomIndicator.swift in Sources */,
				C391F56A25153A0400F066CA /* AddCityCell.swift in Sources */,
				C391F56E25153A5300F066CA /* AddCityVC.swift in Sources */,
				C391F58925153B7400F066CA /* WeatherDetailWeatherModel.swift in Sources */,
				C391F57225153A9100F066CA /* WeeklyWeatherCell.swift in Sources */,
				C391F58125153B3B00F066CA /* GeneralModel.swift in Sources */,
				C391F57E25153B1500F066CA /* CityModel.swift in Sources */,
				C391F568251539E600F066CA /* CitiesCell.swift in Sources */,
				C391F59025153BAE00F066CA /* RestController.swift in Sources */,
				C391F58525153B5A00F066CA /* WeatherDetailMainModel.swift in Sources */,
				C391F58B25153B8200F066CA /* WeatherDetailCloudsModel.swift in Sources */,
				C391F57C25153AFE00F066CA /* SelectedCityDetailModel.swift in Sources */,
				C391F56C25153A2400F066CA /* CitiesVC.swift in Sources */,
				C391F58725153B6700F066CA /* WeatherModel.swift in Sources */,
				C391F59425153BF300F066CA /* SessionParameters.swift in Sources */,
				C391F58325153B4900F066CA /* GeneralCityModel.swift in Sources */,
			);
			runOnlyForDeploymentPostprocessing = 0;
		};
/* End PBXSourcesBuildPhase section */

/* Begin PBXVariantGroup section */
		C391F521251536DD00F066CA /* Main.storyboard */ = {
			isa = PBXVariantGroup;
			children = (
				C391F522251536DD00F066CA /* Base */,
			);
			name = Main.storyboard;
			sourceTree = "<group>";
		};
		C391F526251536DE00F066CA /* LaunchScreen.storyboard */ = {
			isa = PBXVariantGroup;
			children = (
				C391F527251536DE00F066CA /* Base */,
			);
			name = LaunchScreen.storyboard;
			sourceTree = "<group>";
		};
/* End PBXVariantGroup section */

/* Begin XCBuildConfiguration section */
		C391F52A251536DE00F066CA /* Debug */ = {
			isa = XCBuildConfiguration;
			buildSettings = {
				ALWAYS_SEARCH_USER_PATHS = NO;
				CLANG_ANALYZER_NONNULL = YES;
				CLANG_ANALYZER_NUMBER_OBJECT_CONVERSION = YES_AGGRESSIVE;
				CLANG_CXX_LANGUAGE_STANDARD = "gnu++14";
				CLANG_CXX_LIBRARY = "libc++";
				CLANG_ENABLE_MODULES = YES;
				CLANG_ENABLE_OBJC_ARC = YES;
				CLANG_ENABLE_OBJC_WEAK = YES;
				CLANG_WARN_BLOCK_CAPTURE_AUTORELEASING = YES;
				CLANG_WARN_BOOL_CONVERSION = YES;
				CLANG_WARN_COMMA = YES;
				CLANG_WARN_CONSTANT_CONVERSION = YES;
				CLANG_WARN_DEPRECATED_OBJC_IMPLEMENTATIONS = YES;
				CLANG_WARN_DIRECT_OBJC_ISA_USAGE = YES_ERROR;
				CLANG_WARN_DOCUMENTATION_COMMENTS = YES;
				CLANG_WARN_EMPTY_BODY = YES;
				CLANG_WARN_ENUM_CONVERSION = YES;
				CLANG_WARN_INFINITE_RECURSION = YES;
				CLANG_WARN_INT_CONVERSION = YES;
				CLANG_WARN_NON_LITERAL_NULL_CONVERSION = YES;
				CLANG_WARN_OBJC_IMPLICIT_RETAIN_SELF = YES;
				CLANG_WARN_OBJC_LITERAL_CONVERSION = YES;
				CLANG_WARN_OBJC_ROOT_CLASS = YES_ERROR;
				CLANG_WARN_RANGE_LOOP_ANALYSIS = YES;
				CLANG_WARN_STRICT_PROTOTYPES = YES;
				CLANG_WARN_SUSPICIOUS_MOVE = YES;
				CLANG_WARN_UNGUARDED_AVAILABILITY = YES_AGGRESSIVE;
				CLANG_WARN_UNREACHABLE_CODE = YES;
				CLANG_WARN__DUPLICATE_METHOD_MATCH = YES;
				COPY_PHASE_STRIP = NO;
				DEBUG_INFORMATION_FORMAT = dwarf;
				ENABLE_STRICT_OBJC_MSGSEND = YES;
				ENABLE_TESTABILITY = YES;
				GCC_C_LANGUAGE_STANDARD = gnu11;
				GCC_DYNAMIC_NO_PIC = NO;
				GCC_NO_COMMON_BLOCKS = YES;
				GCC_OPTIMIZATION_LEVEL = 0;
				GCC_PREPROCESSOR_DEFINITIONS = (
					"DEBUG=1",
					"$(inherited)",
				);
				GCC_WARN_64_TO_32_BIT_CONVERSION = YES;
				GCC_WARN_ABOUT_RETURN_TYPE = YES_ERROR;
				GCC_WARN_UNDECLARED_SELECTOR = YES;
				GCC_WARN_UNINITIALIZED_AUTOS = YES_AGGRESSIVE;
				GCC_WARN_UNUSED_FUNCTION = YES;
				GCC_WARN_UNUSED_VARIABLE = YES;
				IPHONEOS_DEPLOYMENT_TARGET = 13.2;
				MTL_ENABLE_DEBUG_INFO = INCLUDE_SOURCE;
				MTL_FAST_MATH = YES;
				ONLY_ACTIVE_ARCH = YES;
				SDKROOT = iphoneos;
				SWIFT_ACTIVE_COMPILATION_CONDITIONS = DEBUG;
				SWIFT_OPTIMIZATION_LEVEL = "-Onone";
			};
			name = Debug;
		};
		C391F52B251536DE00F066CA /* Release */ = {
			isa = XCBuildConfiguration;
			buildSettings = {
				ALWAYS_SEARCH_USER_PATHS = NO;
				CLANG_ANALYZER_NONNULL = YES;
				CLANG_ANALYZER_NUMBER_OBJECT_CONVERSION = YES_AGGRESSIVE;
				CLANG_CXX_LANGUAGE_STANDARD = "gnu++14";
				CLANG_CXX_LIBRARY = "libc++";
				CLANG_ENABLE_MODULES = YES;
				CLANG_ENABLE_OBJC_ARC = YES;
				CLANG_ENABLE_OBJC_WEAK = YES;
				CLANG_WARN_BLOCK_CAPTURE_AUTORELEASING = YES;
				CLANG_WARN_BOOL_CONVERSION = YES;
				CLANG_WARN_COMMA = YES;
				CLANG_WARN_CONSTANT_CONVERSION = YES;
				CLANG_WARN_DEPRECATED_OBJC_IMPLEMENTATIONS = YES;
				CLANG_WARN_DIRECT_OBJC_ISA_USAGE = YES_ERROR;
				CLANG_WARN_DOCUMENTATION_COMMENTS = YES;
				CLANG_WARN_EMPTY_BODY = YES;
				CLANG_WARN_ENUM_CONVERSION = YES;
				CLANG_WARN_INFINITE_RECURSION = YES;
				CLANG_WARN_INT_CONVERSION = YES;
				CLANG_WARN_NON_LITERAL_NULL_CONVERSION = YES;
				CLANG_WARN_OBJC_IMPLICIT_RETAIN_SELF = YES;
				CLANG_WARN_OBJC_LITERAL_CONVERSION = YES;
				CLANG_WARN_OBJC_ROOT_CLASS = YES_ERROR;
				CLANG_WARN_RANGE_LOOP_ANALYSIS = YES;
				CLANG_WARN_STRICT_PROTOTYPES = YES;
				CLANG_WARN_SUSPICIOUS_MOVE = YES;
				CLANG_WARN_UNGUARDED_AVAILABILITY = YES_AGGRESSIVE;
				CLANG_WARN_UNREACHABLE_CODE = YES;
				CLANG_WARN__DUPLICATE_METHOD_MATCH = YES;
				COPY_PHASE_STRIP = NO;
				DEBUG_INFORMATION_FORMAT = "dwarf-with-dsym";
				ENABLE_NS_ASSERTIONS = NO;
				ENABLE_STRICT_OBJC_MSGSEND = YES;
				GCC_C_LANGUAGE_STANDARD = gnu11;
				GCC_NO_COMMON_BLOCKS = YES;
				GCC_WARN_64_TO_32_BIT_CONVERSION = YES;
				GCC_WARN_ABOUT_RETURN_TYPE = YES_ERROR;
				GCC_WARN_UNDECLARED_SELECTOR = YES;
				GCC_WARN_UNINITIALIZED_AUTOS = YES_AGGRESSIVE;
				GCC_WARN_UNUSED_FUNCTION = YES;
				GCC_WARN_UNUSED_VARIABLE = YES;
				IPHONEOS_DEPLOYMENT_TARGET = 13.2;
				MTL_ENABLE_DEBUG_INFO = NO;
				MTL_FAST_MATH = YES;
				SDKROOT = iphoneos;
				SWIFT_COMPILATION_MODE = wholemodule;
				SWIFT_OPTIMIZATION_LEVEL = "-O";
				VALIDATE_PRODUCT = YES;
			};
			name = Release;
		};
		C391F52D251536DE00F066CA /* Debug */ = {
			isa = XCBuildConfiguration;
			baseConfigurationReference = 1F902A2AD21925D1EF3AD83C /* Pods-MobilionHavaDurumu.debug.xcconfig */;
			buildSettings = {
				ASSETCATALOG_COMPILER_APPICON_NAME = AppIcon;
				CODE_SIGN_STYLE = Automatic;
				DEVELOPMENT_TEAM = S8UR4DUQQL;
				INFOPLIST_FILE = MobilionHavaDurumu/Info.plist;
				LD_RUNPATH_SEARCH_PATHS = (
					"$(inherited)",
					"@executable_path/Frameworks",
				);
				PRODUCT_BUNDLE_IDENTIFIER = com.oguzhankarakaya.MobilionHavaDurumu;
				PRODUCT_NAME = "$(TARGET_NAME)";
				SWIFT_VERSION = 5.0;
				TARGETED_DEVICE_FAMILY = "1,2";
			};
			name = Debug;
		};
		C391F52E251536DE00F066CA /* Release */ = {
			isa = XCBuildConfiguration;
			baseConfigurationReference = 667118284C2A9B87D551A76E /* Pods-MobilionHavaDurumu.release.xcconfig */;
			buildSettings = {
				ASSETCATALOG_COMPILER_APPICON_NAME = AppIcon;
				CODE_SIGN_STYLE = Automatic;
				DEVELOPMENT_TEAM = S8UR4DUQQL;
				INFOPLIST_FILE = MobilionHavaDurumu/Info.plist;
				LD_RUNPATH_SEARCH_PATHS = (
					"$(inherited)",
					"@executable_path/Frameworks",
				);
				PRODUCT_BUNDLE_IDENTIFIER = com.oguzhankarakaya.MobilionHavaDurumu;
				PRODUCT_NAME = "$(TARGET_NAME)";
				SWIFT_VERSION = 5.0;
				TARGETED_DEVICE_FAMILY = "1,2";
			};
			name = Release;
		};
/* End XCBuildConfiguration section */

/* Begin XCConfigurationList section */
		C391F513251536DD00F066CA /* Build configuration list for PBXProject "MobilionHavaDurumu" */ = {
			isa = XCConfigurationList;
			buildConfigurations = (
				C391F52A251536DE00F066CA /* Debug */,
				C391F52B251536DE00F066CA /* Release */,
			);
			defaultConfigurationIsVisible = 0;
			defaultConfigurationName = Release;
		};
		C391F52C251536DE00F066CA /* Build configuration list for PBXNativeTarget "MobilionHavaDurumu" */ = {
			isa = XCConfigurationList;
			buildConfigurations = (
				C391F52D251536DE00F066CA /* Debug */,
				C391F52E251536DE00F066CA /* Release */,
			);
			defaultConfigurationIsVisible = 0;
			defaultConfigurationName = Release;
		};
/* End XCConfigurationList section */
	};
	rootObject = C391F510251536DD00F066CA /* Project object */;
}
